
Microsoft Visual Studio Solution File, Format Version 12.00
# Visual Studio Version 16
VisualStudioVersion = 16.0.29613.14
MinimumVisualStudioVersion = 10.0.40219.1
Project("{FAE04EC0-301F-11D3-BF4B-00C04F79EFBC}") = "CmsApiSamples", "CmsApiSamples\CmsApiSamples.csproj", "{B9FCF017-D873-4E95-AA32-8CD6879FA334}"
EndProject
Project("{FAE04EC0-301F-11D3-BF4B-00C04F79EFBC}") = "CmsApiDemo", "CmsApiDemo\CmsApiDemo.csproj", "{029EE0A4-7374-40D4-ACDB-97ED2861D4BA}"
EndProject
Project("{FAE04EC0-301F-11D3-BF4B-00C04F79EFBC}") = "WEBSOCKET", "WEBSOCKET\WEBSOCKET.csproj", "{6B5F6743-6D43-4358-AECB-E053ABEF8427}"
EndProject
Global
	GlobalSection(SolutionConfigurationPlatforms) = preSolution
		Debug|Any CPU = Debug|Any CPU
		Release|Any CPU = Release|Any CPU
	EndGlobalSection
	GlobalSection(ProjectConfigurationPlatforms) = postSolution
		{B9FCF017-D873-4E95-AA32-8CD6879FA334}.Debug|Any CPU.ActiveCfg = Debug|Any CPU
		{B9FCF017-D873-4E95-AA32-8CD6879FA334}.Debug|Any CPU.Build.0 = Debug|Any CPU
		{B9FCF017-D873-4E95-AA32-8CD6879FA334}.Release|Any CPU.ActiveCfg = Release|Any CPU
		{B9FCF017-D873-4E95-AA32-8CD6879FA334}.Release|Any CPU.Build.0 = Release|Any CPU
		{029EE0A4-7374-40D4-ACDB-97ED2861D4BA}.Debug|Any CPU.ActiveCfg = Debug|Any CPU
		{029EE0A4-7374-40D4-ACDB-97ED2861D4BA}.Debug|Any CPU.Build.0 = Debug|Any CPU
		{029EE0A4-7374-40D4-ACDB-97ED2861D4BA}.Release|Any CPU.ActiveCfg = Release|Any CPU
		{029EE0A4-7374-40D4-ACDB-97ED2861D4BA}.Release|Any CPU.Build.0 = Release|Any CPU
		{6B5F6743-6D43-4358-AECB-E053ABEF8427}.Debug|Any CPU.ActiveCfg = Debug|Any CPU
		{6B5F6743-6D43-4358-AECB-E053ABEF8427}.Debug|Any CPU.Build.0 = Debug|Any CPU
		{6B5F6743-6D43-4358-AECB-E053ABEF8427}.Release|Any CPU.ActiveCfg = Release|Any CPU
		{6B5F6743-6D43-4358-AECB-E053ABEF8427}.Release|Any CPU.Build.0 = Release|Any CPU
	EndGlobalSection
	GlobalSection(SolutionProperties) = preSolution
		HideSolutionNode = FALSE
	EndGlobalSection
	GlobalSection(ExtensibilityGlobals) = postSolution
		SolutionGuid = {B5FA2BC0-F5BA-4B4B-8764-527AFF23BAF4}
	EndGlobalSection
EndGlobal
